
Microsoft Visual Studio Solution File, Format Version 12.00
# Visual Studio Version 17
VisualStudioVersion = 17.1.32228.430
MinimumVisualStudioVersion = 10.0.40219.1
Project("{FAE04EC0-301F-11D3-BF4B-00C04F79EFBC}") = "eShop.WebApp", "eShop.WebApp\eShop.WebApp.csproj", "{527F9ABF-6F0C-45AD-836A-22DB4FFBC74E}"
EndProject
Project("{FAE04EC0-301F-11D3-BF4B-00C04F79EFBC}") = "eShop.Data", "eShop.Data\eShop.Data.csproj", "{CBB046ED-E3DF-425F-875B-F2FA175E8D01}"
EndProject
Project("{FAE04EC0-301F-11D3-BF4B-00C04F79EFBC}") = "eShop.Application", "eShop.Application\eShop.Application.csproj", "{02EEAD99-7679-44F1-A6EB-9869749B6232}"
EndProject
Global
	GlobalSection(SolutionConfigurationPlatforms) = preSolution
		Debug|Any CPU = Debug|Any CPU
		Release|Any CPU = Release|Any CPU
	EndGlobalSection
	GlobalSection(ProjectConfigurationPlatforms) = postSolution
		{527F9ABF-6F0C-45AD-836A-22DB4FFBC74E}.Debug|Any CPU.ActiveCfg = Debug|Any CPU
		{527F9ABF-6F0C-45AD-836A-22DB4FFBC74E}.Debug|Any CPU.Build.0 = Debug|Any CPU
		{527F9ABF-6F0C-45AD-836A-22DB4FFBC74E}.Release|Any CPU.ActiveCfg = Release|Any CPU
		{527F9ABF-6F0C-45AD-836A-22DB4FFBC74E}.Release|Any CPU.Build.0 = Release|Any CPU
		{CBB046ED-E3DF-425F-875B-F2FA175E8D01}.Debug|Any CPU.ActiveCfg = Debug|Any CPU
		{CBB046ED-E3DF-425F-875B-F2FA175E8D01}.Debug|Any CPU.Build.0 = Debug|Any CPU
		{CBB046ED-E3DF-425F-875B-F2FA175E8D01}.Release|Any CPU.ActiveCfg = Release|Any CPU
		{CBB046ED-E3DF-425F-875B-F2FA175E8D01}.Release|Any CPU.Build.0 = Release|Any CPU
		{02EEAD99-7679-44F1-A6EB-9869749B6232}.Debug|Any CPU.ActiveCfg = Debug|Any CPU
		{02EEAD99-7679-44F1-A6EB-9869749B6232}.Debug|Any CPU.Build.0 = Debug|Any CPU
		{02EEAD99-7679-44F1-A6EB-9869749B6232}.Release|Any CPU.ActiveCfg = Release|Any CPU
		{02EEAD99-7679-44F1-A6EB-9869749B6232}.Release|Any CPU.Build.0 = Release|Any CPU
	EndGlobalSection
	GlobalSection(SolutionProperties) = preSolution
		HideSolutionNode = FALSE
	EndGlobalSection
	GlobalSection(ExtensibilityGlobals) = postSolution
		SolutionGuid = {CE060382-84AA-4ABA-A402-7620C1181D9B}
	EndGlobalSection
EndGlobal
